
Microsoft Visual Studio Solution File, Format Version 12.00
# Visual Studio 15
VisualStudioVersion = 15.0.27703.2026
MinimumVisualStudioVersion = 10.0.40219.1
Project("{FAE04EC0-301F-11D3-BF4B-00C04F79EFBC}") = "Count Vowels", "Count Vowels\Count Vowels.csproj", "{EB189EA3-2082-4601-9545-AAD063082F17}"
EndProject
Global
	GlobalSection(SolutionConfigurationPlatforms) = preSolution
		Debug|Any CPU = Debug|Any CPU
		Release|Any CPU = Release|Any CPU
	EndGlobalSection
	GlobalSection(ProjectConfigurationPlatforms) = postSolution
		{EB189EA3-2082-4601-9545-AAD063082F17}.Debug|Any CPU.ActiveCfg = Debug|Any CPU
		{EB189EA3-2082-4601-9545-AAD063082F17}.Debug|Any CPU.Build.0 = Debug|Any CPU
		{EB189EA3-2082-4601-9545-AAD063082F17}.Release|Any CPU.ActiveCfg = Release|Any CPU
		{EB189EA3-2082-4601-9545-AAD063082F17}.Release|Any CPU.Build.0 = Release|Any CPU
	EndGlobalSection
	GlobalSection(SolutionProperties) = preSolution
		HideSolutionNode = FALSE
	EndGlobalSection
	GlobalSection(ExtensibilityGlobals) = postSolution
		SolutionGuid = {0F856EC3-2851-4C8B-A715-4B00FAFD5381}
	EndGlobalSection
EndGlobal
